// !$*UTF8*$!
{
	archiveVersion = 1;
	classes = {
	};
	objectVersion = 46;
	objects = {

/* Begin PBXBuildFile section */
		F20425231961F91100A132D6 /* Int+Extensions.swift in Sources */ = {isa = PBXBuildFile; fileRef = F20425221961F91100A132D6 /* Int+Extensions.swift */; };
		F21D3F4D198D4BB30036D4BA /* SettingsViewController.swift in Sources */ = {isa = PBXBuildFile; fileRef = F21D3F4C198D4BB30036D4BA /* SettingsViewController.swift */; };
		F21D3F50198D4BE30036D4BA /* SettingsView.swift in Sources */ = {isa = PBXBuildFile; fileRef = F21D3F4F198D4BE30036D4BA /* SettingsView.swift */; };
		F234623B1960798900AB11A5 /* FocusView.swift in Sources */ = {isa = PBXBuildFile; fileRef = F23462381960798900AB11A5 /* FocusView.swift */; };
		F234623C1960798900AB11A5 /* FocusViewController.swift in Sources */ = {isa = PBXBuildFile; fileRef = F23462391960798900AB11A5 /* FocusViewController.swift */; };
		F234623D1960798900AB11A5 /* TimerView.swift in Sources */ = {isa = PBXBuildFile; fileRef = F234623A1960798900AB11A5 /* TimerView.swift */; };
		F25CD2701B481DFE009495B6 /* Interface.storyboard in Resources */ = {isa = PBXBuildFile; fileRef = F25CD26E1B481DFE009495B6 /* Interface.storyboard */; };
		F25CD2791B481DFE009495B6 /* Fojusi Watch Extension.appex in Embed App Extensions */ = {isa = PBXBuildFile; fileRef = F25CD2781B481DFE009495B6 /* Fojusi Watch Extension.appex */; settings = {ATTRIBUTES = (RemoveHeadersOnCopy, ); }; };
		F25CD27E1B481DFE009495B6 /* InterfaceController.swift in Sources */ = {isa = PBXBuildFile; fileRef = F25CD27D1B481DFE009495B6 /* InterfaceController.swift */; };
		F25CD2801B481DFE009495B6 /* ExtensionDelegate.swift in Sources */ = {isa = PBXBuildFile; fileRef = F25CD27F1B481DFE009495B6 /* ExtensionDelegate.swift */; };
		F25CD2841B481DFE009495B6 /* ComplicationController.swift in Sources */ = {isa = PBXBuildFile; fileRef = F25CD2831B481DFE009495B6 /* ComplicationController.swift */; };
		F25CD2861B481DFE009495B6 /* Assets.xcassets in Resources */ = {isa = PBXBuildFile; fileRef = F25CD2851B481DFE009495B6 /* Assets.xcassets */; };
		F25CD28A1B481DFE009495B6 /* Fojusi Watch.app in Embed Watch Content */ = {isa = PBXBuildFile; fileRef = F25CD26C1B481DFE009495B6 /* Fojusi Watch.app */; };
		F25CD2931B4828EC009495B6 /* Assets.xcassets in Resources */ = {isa = PBXBuildFile; fileRef = F25CD2921B4828EC009495B6 /* Assets.xcassets */; };
		F273B4C61B56233400CDF081 /* AboutViewController.swift in Sources */ = {isa = PBXBuildFile; fileRef = F273B4C51B56233400CDF081 /* AboutViewController.swift */; };
		F273B4C91B56235600CDF081 /* AboutView.swift in Sources */ = {isa = PBXBuildFile; fileRef = F273B4C81B56235600CDF081 /* AboutView.swift */; };
		F2813AE21AB3860A00BFC5EE /* AppIcon.xcassets in Resources */ = {isa = PBXBuildFile; fileRef = F2813AE11AB3860A00BFC5EE /* AppIcon.xcassets */; };
		F292E2991B45CE2600DFC991 /* TimerView.swift in Sources */ = {isa = PBXBuildFile; fileRef = F234623A1960798900AB11A5 /* TimerView.swift */; };
		F292E29A1B45CEAF00DFC991 /* TimerStyleKit.swift in Sources */ = {isa = PBXBuildFile; fileRef = F2AB30D3196016B800D8D989 /* TimerStyleKit.swift */; };
		F2AB30B819600A4000D8D989 /* AppDelegate.swift in Sources */ = {isa = PBXBuildFile; fileRef = F2AB30B719600A4000D8D989 /* AppDelegate.swift */; };
		F2AB30BA19600A4000D8D989 /* Images.xcassets in Resources */ = {isa = PBXBuildFile; fileRef = F2AB30B919600A4000D8D989 /* Images.xcassets */; };
		F2AB30D4196016B800D8D989 /* TimerStyleKit.swift in Sources */ = {isa = PBXBuildFile; fileRef = F2AB30D3196016B800D8D989 /* TimerStyleKit.swift */; };
		F2AC01411BDCC68300D50C4E /* DHNavigationController.swift in Sources */ = {isa = PBXBuildFile; fileRef = F2AC01401BDCC68300D50C4E /* DHNavigationController.swift */; };
		F2BB35F319F38FB700CD9CA5 /* LaunchScreen.storyboard in Resources */ = {isa = PBXBuildFile; fileRef = F2BB35F219F38FB700CD9CA5 /* LaunchScreen.storyboard */; };
		F2EB866B1B2A1E4D009EF689 /* TimerType.swift in Sources */ = {isa = PBXBuildFile; fileRef = F2EB866A1B2A1E4D009EF689 /* TimerType.swift */; };
		F2FC44021B2CCCCC00851923 /* Fojusi_UI_Tests.swift in Sources */ = {isa = PBXBuildFile; fileRef = F2FC44011B2CCCCC00851923 /* Fojusi_UI_Tests.swift */; };
		F2FF2C761AB0A4C50017BF04 /* NotificationCenter.framework in Frameworks */ = {isa = PBXBuildFile; fileRef = F2FB4E1A198D0BD000B5474E /* NotificationCenter.framework */; };
		F2FF2C7B1AB0A4C50017BF04 /* TodayViewController.swift in Sources */ = {isa = PBXBuildFile; fileRef = F2FF2C7A1AB0A4C50017BF04 /* TodayViewController.swift */; };
		F2FF2C7D1AB0A4C50017BF04 /* MainInterface.storyboard in Resources */ = {isa = PBXBuildFile; fileRef = F2FF2C7C1AB0A4C50017BF04 /* MainInterface.storyboard */; };
		F2FF2C801AB0A4C50017BF04 /* Remaining.appex in Embed App Extensions */ = {isa = PBXBuildFile; fileRef = F2FF2C751AB0A4C50017BF04 /* Remaining.appex */; settings = {ATTRIBUTES = (RemoveHeadersOnCopy, ); }; };
/* End PBXBuildFile section */

/* Begin PBXContainerItemProxy section */
		F25CD27A1B481DFE009495B6 /* PBXContainerItemProxy */ = {
			isa = PBXContainerItemProxy;
			containerPortal = F2AB30AA19600A4000D8D989 /* Project object */;
			proxyType = 1;
			remoteGlobalIDString = F25CD2771B481DFE009495B6;
			remoteInfo = "Fojusi Watch Extension";
		};
		F25CD2881B481DFE009495B6 /* PBXContainerItemProxy */ = {
			isa = PBXContainerItemProxy;
			containerPortal = F2AB30AA19600A4000D8D989 /* Project object */;
			proxyType = 1;
			remoteGlobalIDString = F25CD26B1B481DFE009495B6;
			remoteInfo = "Fojusi Watch";
		};
		F2AB30C019600A4000D8D989 /* PBXContainerItemProxy */ = {
			isa = PBXContainerItemProxy;
			containerPortal = F2AB30AA19600A4000D8D989 /* Project object */;
			proxyType = 1;
			remoteGlobalIDString = F2AB30B119600A4000D8D989;
			remoteInfo = Tomate;
		};
		F2FC44041B2CCCCC00851923 /* PBXContainerItemProxy */ = {
			isa = PBXContainerItemProxy;
			containerPortal = F2AB30AA19600A4000D8D989 /* Project object */;
			proxyType = 1;
			remoteGlobalIDString = F2AB30B119600A4000D8D989;
			remoteInfo = Tomate;
		};
		F2FF2C7E1AB0A4C50017BF04 /* PBXContainerItemProxy */ = {
			isa = PBXContainerItemProxy;
			containerPortal = F2AB30AA19600A4000D8D989 /* Project object */;
			proxyType = 1;
			remoteGlobalIDString = F2FF2C741AB0A4C50017BF04;
			remoteInfo = Remaining;
		};
/* End PBXContainerItemProxy section */

/* Begin PBXCopyFilesBuildPhase section */
		F25CD2691B481DC8009495B6 /* Embed Watch Content */ = {
			isa = PBXCopyFilesBuildPhase;
			buildActionMask = 2147483647;
			dstPath = "$(CONTENTS_FOLDER_PATH)/Watch";
			dstSubfolderSpec = 16;
			files = (
				F25CD28A1B481DFE009495B6 /* Fojusi Watch.app in Embed Watch Content */,
			);
			name = "Embed Watch Content";
			runOnlyForDeploymentPostprocessing = 0;
		};
		F25CD28E1B481DFE009495B6 /* Embed App Extensions */ = {
			isa = PBXCopyFilesBuildPhase;
			buildActionMask = 2147483647;
			dstPath = "";
			dstSubfolderSpec = 13;
			files = (
				F25CD2791B481DFE009495B6 /* Fojusi Watch Extension.appex in Embed App Extensions */,
			);
			name = "Embed App Extensions";
			runOnlyForDeploymentPostprocessing = 0;
		};
		F2FB4E2B198D0BD000B5474E /* Embed App Extensions */ = {
			isa = PBXCopyFilesBuildPhase;
			buildActionMask = 2147483647;
			dstPath = "";
			dstSubfolderSpec = 13;
			files = (
				F2FF2C801AB0A4C50017BF04 /* Remaining.appex in Embed App Extensions */,
			);
			name = "Embed App Extensions";
			runOnlyForDeploymentPostprocessing = 0;
		};
/* End PBXCopyFilesBuildPhase section */

/* Begin PBXFileReference section */
		F20425221961F91100A132D6 /* Int+Extensions.swift */ = {isa = PBXFileReference; fileEncoding = 4; lastKnownFileType = sourcecode.swift; path = "Int+Extensions.swift"; sourceTree = "<group>"; };
		F21D3F4C198D4BB30036D4BA /* SettingsViewController.swift */ = {isa = PBXFileReference; fileEncoding = 4; lastKnownFileType = sourcecode.swift; name = SettingsViewController.swift; path = Tomate/Settings/SettingsViewController.swift; sourceTree = SOURCE_ROOT; };
		F21D3F4F198D4BE30036D4BA /* SettingsView.swift */ = {isa = PBXFileReference; fileEncoding = 4; lastKnownFileType = sourcecode.swift; name = SettingsView.swift; path = Settings/SettingsView.swift; sourceTree = "<group>"; };
		F23462381960798900AB11A5 /* FocusView.swift */ = {isa = PBXFileReference; fileEncoding = 4; lastKnownFileType = sourcecode.swift; path = FocusView.swift; sourceTree = "<group>"; };
		F23462391960798900AB11A5 /* FocusViewController.swift */ = {isa = PBXFileReference; fileEncoding = 4; lastKnownFileType = sourcecode.swift; path = FocusViewController.swift; sourceTree = "<group>"; };
		F234623A1960798900AB11A5 /* TimerView.swift */ = {isa = PBXFileReference; fileEncoding = 4; lastKnownFileType = sourcecode.swift; path = TimerView.swift; sourceTree = "<group>"; };
		F25CD26C1B481DFE009495B6 /* Fojusi Watch.app */ = {isa = PBXFileReference; explicitFileType = wrapper.application; includeInIndex = 0; path = "Fojusi Watch.app"; sourceTree = BUILT_PRODUCTS_DIR; };
		F25CD26F1B481DFE009495B6 /* Base */ = {isa = PBXFileReference; lastKnownFileType = file.storyboard; name = Base; path = Base.lproj/Interface.storyboard; sourceTree = "<group>"; };
		F25CD2731B481DFE009495B6 /* Info.plist */ = {isa = PBXFileReference; lastKnownFileType = text.plist.xml; path = Info.plist; sourceTree = "<group>"; };
		F25CD2781B481DFE009495B6 /* Fojusi Watch Extension.appex */ = {isa = PBXFileReference; explicitFileType = "wrapper.app-extension"; includeInIndex = 0; path = "Fojusi Watch Extension.appex"; sourceTree = BUILT_PRODUCTS_DIR; };
		F25CD27D1B481DFE009495B6 /* InterfaceController.swift */ = {isa = PBXFileReference; lastKnownFileType = sourcecode.swift; path = InterfaceController.swift; sourceTree = "<group>"; };
		F25CD27F1B481DFE009495B6 /* ExtensionDelegate.swift */ = {isa = PBXFileReference; lastKnownFileType = sourcecode.swift; path = ExtensionDelegate.swift; sourceTree = "<group>"; };
		F25CD2831B481DFE009495B6 /* ComplicationController.swift */ = {isa = PBXFileReference; lastKnownFileType = sourcecode.swift; path = ComplicationController.swift; sourceTree = "<group>"; };
		F25CD2851B481DFE009495B6 /* Assets.xcassets */ = {isa = PBXFileReference; lastKnownFileType = folder.assetcatalog; path = Assets.xcassets; sourceTree = "<group>"; };
		F25CD2871B481DFE009495B6 /* Info.plist */ = {isa = PBXFileReference; lastKnownFileType = text.plist.xml; path = Info.plist; sourceTree = "<group>"; };
		F25CD2921B4828EC009495B6 /* Assets.xcassets */ = {isa = PBXFileReference; lastKnownFileType = folder.assetcatalog; path = Assets.xcassets; sourceTree = "<group>"; };
		F25CD2941B482B3E009495B6 /* Fojusi Watch Extension.entitlements */ = {isa = PBXFileReference; lastKnownFileType = text.xml; path = "Fojusi Watch Extension.entitlements"; sourceTree = "<group>"; };
		F25CD2951B482C41009495B6 /* Fojusi Watch.entitlements */ = {isa = PBXFileReference; lastKnownFileType = text.xml; path = "Fojusi Watch.entitlements"; sourceTree = "<group>"; };
		F273B4C51B56233400CDF081 /* AboutViewController.swift */ = {isa = PBXFileReference; fileEncoding = 4; lastKnownFileType = sourcecode.swift; name = AboutViewController.swift; path = About/AboutViewController.swift; sourceTree = "<group>"; };
		F273B4C81B56235600CDF081 /* AboutView.swift */ = {isa = PBXFileReference; fileEncoding = 4; lastKnownFileType = sourcecode.swift; path = AboutView.swift; sourceTree = "<group>"; };
		F2813AE11AB3860A00BFC5EE /* AppIcon.xcassets */ = {isa = PBXFileReference; lastKnownFileType = folder.assetcatalog; path = AppIcon.xcassets; sourceTree = SOURCE_ROOT; };
		F2AB30B219600A4000D8D989 /* Fojusi.app */ = {isa = PBXFileReference; explicitFileType = wrapper.application; includeInIndex = 0; path = Fojusi.app; sourceTree = BUILT_PRODUCTS_DIR; };
		F2AB30B619600A4000D8D989 /* Info.plist */ = {isa = PBXFileReference; lastKnownFileType = text.plist.xml; path = Info.plist; sourceTree = "<group>"; };
		F2AB30B719600A4000D8D989 /* AppDelegate.swift */ = {isa = PBXFileReference; lastKnownFileType = sourcecode.swift; path = AppDelegate.swift; sourceTree = "<group>"; };
		F2AB30B919600A4000D8D989 /* Images.xcassets */ = {isa = PBXFileReference; lastKnownFileType = folder.assetcatalog; path = Images.xcassets; sourceTree = "<group>"; };
		F2AB30BF19600A4000D8D989 /* TomateTests.xctest */ = {isa = PBXFileReference; explicitFileType = wrapper.cfbundle; includeInIndex = 0; path = TomateTests.xctest; sourceTree = BUILT_PRODUCTS_DIR; };
		F2AB30C419600A4000D8D989 /* Info.plist */ = {isa = PBXFileReference; lastKnownFileType = text.plist.xml; path = Info.plist; sourceTree = "<group>"; };
		F2AB30D3196016B800D8D989 /* TimerStyleKit.swift */ = {isa = PBXFileReference; fileEncoding = 4; lastKnownFileType = sourcecode.swift; path = TimerStyleKit.swift; sourceTree = "<group>"; };
		F2AC01401BDCC68300D50C4E /* DHNavigationController.swift */ = {isa = PBXFileReference; fileEncoding = 4; lastKnownFileType = sourcecode.swift; path = DHNavigationController.swift; sourceTree = "<group>"; };
		F2BB35F219F38FB700CD9CA5 /* LaunchScreen.storyboard */ = {isa = PBXFileReference; fileEncoding = 4; lastKnownFileType = file.storyboard; path = LaunchScreen.storyboard; sourceTree = "<group>"; };
		F2EB866A1B2A1E4D009EF689 /* TimerType.swift */ = {isa = PBXFileReference; fileEncoding = 4; lastKnownFileType = sourcecode.swift; path = TimerType.swift; sourceTree = "<group>"; };
		F2FB4E1A198D0BD000B5474E /* NotificationCenter.framework */ = {isa = PBXFileReference; lastKnownFileType = wrapper.framework; name = NotificationCenter.framework; path = System/Library/Frameworks/NotificationCenter.framework; sourceTree = SDKROOT; };
		F2FC43FF1B2CCCCC00851923 /* Fojusi UI Tests.xctest */ = {isa = PBXFileReference; explicitFileType = wrapper.cfbundle; includeInIndex = 0; path = "Fojusi UI Tests.xctest"; sourceTree = BUILT_PRODUCTS_DIR; };
		F2FC44011B2CCCCC00851923 /* Fojusi_UI_Tests.swift */ = {isa = PBXFileReference; lastKnownFileType = sourcecode.swift; path = Fojusi_UI_Tests.swift; sourceTree = "<group>"; };
		F2FC44031B2CCCCC00851923 /* Info.plist */ = {isa = PBXFileReference; lastKnownFileType = text.plist.xml; path = Info.plist; sourceTree = "<group>"; };
		F2FF2C751AB0A4C50017BF04 /* Remaining.appex */ = {isa = PBXFileReference; explicitFileType = "wrapper.app-extension"; includeInIndex = 0; path = Remaining.appex; sourceTree = BUILT_PRODUCTS_DIR; };
		F2FF2C791AB0A4C50017BF04 /* Info.plist */ = {isa = PBXFileReference; lastKnownFileType = text.plist.xml; path = Info.plist; sourceTree = "<group>"; };
		F2FF2C7A1AB0A4C50017BF04 /* TodayViewController.swift */ = {isa = PBXFileReference; lastKnownFileType = sourcecode.swift; path = TodayViewController.swift; sourceTree = "<group>"; };
		F2FF2C7C1AB0A4C50017BF04 /* MainInterface.storyboard */ = {isa = PBXFileReference; lastKnownFileType = file.storyboard; path = MainInterface.storyboard; sourceTree = "<group>"; };
		F2FF2C841AB0A4D90017BF04 /* Fojusi.entitlements */ = {isa = PBXFileReference; lastKnownFileType = text.xml; path = Fojusi.entitlements; sourceTree = "<group>"; };
		F2FF2C851AB0A4F80017BF04 /* Remaining.entitlements */ = {isa = PBXFileReference; lastKnownFileType = text.xml; path = Remaining.entitlements; sourceTree = "<group>"; };
/* End PBXFileReference section */

/* Begin PBXFrameworksBuildPhase section */
		F25CD2751B481DFE009495B6 /* Frameworks */ = {
			isa = PBXFrameworksBuildPhase;
			buildActionMask = 2147483647;
			files = (
			);
			runOnlyForDeploymentPostprocessing = 0;
		};
		F2AB30AF19600A4000D8D989 /* Frameworks */ = {
			isa = PBXFrameworksBuildPhase;
			buildActionMask = 2147483647;
			files = (
			);
			runOnlyForDeploymentPostprocessing = 0;
		};
		F2AB30BC19600A4000D8D989 /* Frameworks */ = {
			isa = PBXFrameworksBuildPhase;
			buildActionMask = 2147483647;
			files = (
			);
			runOnlyForDeploymentPostprocessing = 0;
		};
		F2FC43FC1B2CCCCC00851923 /* Frameworks */ = {
			isa = PBXFrameworksBuildPhase;
			buildActionMask = 2147483647;
			files = (
			);
			runOnlyForDeploymentPostprocessing = 0;
		};
		F2FF2C721AB0A4C50017BF04 /* Frameworks */ = {
			isa = PBXFrameworksBuildPhase;
			buildActionMask = 2147483647;
			files = (
				F2FF2C761AB0A4C50017BF04 /* NotificationCenter.framework in Frameworks */,
			);
			runOnlyForDeploymentPostprocessing = 0;
		};
/* End PBXFrameworksBuildPhase section */

/* Begin PBXGroup section */
		F21D3F4E198D4BC50036D4BA /* Settings */ = {
			isa = PBXGroup;
			children = (
				F21D3F4C198D4BB30036D4BA /* SettingsViewController.swift */,
				F21D3F4F198D4BE30036D4BA /* SettingsView.swift */,
			);
			name = Settings;
			sourceTree = "<group>";
		};
		F23462371960798900AB11A5 /* Focus */ = {
			isa = PBXGroup;
			children = (
				F23462391960798900AB11A5 /* FocusViewController.swift */,
				F23462381960798900AB11A5 /* FocusView.swift */,
				F234623A1960798900AB11A5 /* TimerView.swift */,
				F2EB866A1B2A1E4D009EF689 /* TimerType.swift */,
			);
			path = Focus;
			sourceTree = "<group>";
		};
		F25CD26D1B481DFE009495B6 /* Fojusi Watch */ = {
			isa = PBXGroup;
			children = (
				F25CD2951B482C41009495B6 /* Fojusi Watch.entitlements */,
				F25CD26E1B481DFE009495B6 /* Interface.storyboard */,
				F25CD2921B4828EC009495B6 /* Assets.xcassets */,
				F25CD2731B481DFE009495B6 /* Info.plist */,
			);
			path = "Fojusi Watch";
			sourceTree = "<group>";
		};
		F25CD27C1B481DFE009495B6 /* Fojusi Watch Extension */ = {
			isa = PBXGroup;
			children = (
				F25CD2941B482B3E009495B6 /* Fojusi Watch Extension.entitlements */,
				F25CD27D1B481DFE009495B6 /* InterfaceController.swift */,
				F25CD27F1B481DFE009495B6 /* ExtensionDelegate.swift */,
				F25CD2831B481DFE009495B6 /* ComplicationController.swift */,
				F25CD2851B481DFE009495B6 /* Assets.xcassets */,
				F25CD2871B481DFE009495B6 /* Info.plist */,
			);
			path = "Fojusi Watch Extension";
			sourceTree = "<group>";
		};
		F273B4C71B56233B00CDF081 /* About */ = {
			isa = PBXGroup;
			children = (
				F273B4C51B56233400CDF081 /* AboutViewController.swift */,
				F273B4C81B56235600CDF081 /* AboutView.swift */,
			);
			name = About;
			sourceTree = "<group>";
		};
		F2AB30A919600A4000D8D989 = {
			isa = PBXGroup;
			children = (
				F2AB30B419600A4000D8D989 /* Tomate */,
				F2FF2C771AB0A4C50017BF04 /* Remaining */,
				F2AB30C219600A4000D8D989 /* TomateTests */,
				F2FC44001B2CCCCC00851923 /* Fojusi UI Tests */,
				F25CD26D1B481DFE009495B6 /* Fojusi Watch */,
				F25CD27C1B481DFE009495B6 /* Fojusi Watch Extension */,
				F2FB4E19198D0BD000B5474E /* Frameworks */,
				F2AB30B319600A4000D8D989 /* Products */,
			);
			sourceTree = "<group>";
		};
		F2AB30B319600A4000D8D989 /* Products */ = {
			isa = PBXGroup;
			children = (
				F2AB30B219600A4000D8D989 /* Fojusi.app */,
				F2AB30BF19600A4000D8D989 /* TomateTests.xctest */,
				F2FF2C751AB0A4C50017BF04 /* Remaining.appex */,
				F2FC43FF1B2CCCCC00851923 /* Fojusi UI Tests.xctest */,
				F25CD26C1B481DFE009495B6 /* Fojusi Watch.app */,
				F25CD2781B481DFE009495B6 /* Fojusi Watch Extension.appex */,
			);
			name = Products;
			sourceTree = "<group>";
		};
		F2AB30B419600A4000D8D989 /* Tomate */ = {
			isa = PBXGroup;
			children = (
				F2FF2C841AB0A4D90017BF04 /* Fojusi.entitlements */,
				F2AB30B719600A4000D8D989 /* AppDelegate.swift */,
				F20425221961F91100A132D6 /* Int+Extensions.swift */,
				F2AC01401BDCC68300D50C4E /* DHNavigationController.swift */,
				F273B4C71B56233B00CDF081 /* About */,
				F23462371960798900AB11A5 /* Focus */,
				F21D3F4E198D4BC50036D4BA /* Settings */,
				F2AB30D5196016E100D8D989 /* StyleKit */,
				F2AB30B919600A4000D8D989 /* Images.xcassets */,
				F2813AE11AB3860A00BFC5EE /* AppIcon.xcassets */,
				F2AB30B519600A4000D8D989 /* Supporting Files */,
				F2BB35F219F38FB700CD9CA5 /* LaunchScreen.storyboard */,
			);
			path = Tomate;
			sourceTree = "<group>";
		};
		F2AB30B519600A4000D8D989 /* Supporting Files */ = {
			isa = PBXGroup;
			children = (
				F2AB30B619600A4000D8D989 /* Info.plist */,
			);
			name = "Supporting Files";
			sourceTree = "<group>";
		};
		F2AB30C219600A4000D8D989 /* TomateTests */ = {
			isa = PBXGroup;
			children = (
				F2AB30C319600A4000D8D989 /* Supporting Files */,
			);
			path = TomateTests;
			sourceTree = "<group>";
		};
		F2AB30C319600A4000D8D989 /* Supporting Files */ = {
			isa = PBXGroup;
			children = (
				F2AB30C419600A4000D8D989 /* Info.plist */,
			);
			name = "Supporting Files";
			sourceTree = "<group>";
		};
		F2AB30D5196016E100D8D989 /* StyleKit */ = {
			isa = PBXGroup;
			children = (
				F2AB30D3196016B800D8D989 /* TimerStyleKit.swift */,
			);
			name = StyleKit;
			sourceTree = "<group>";
		};
		F2FB4E19198D0BD000B5474E /* Frameworks */ = {
			isa = PBXGroup;
			children = (
				F2FB4E1A198D0BD000B5474E /* NotificationCenter.framework */,
			);
			name = Frameworks;
			sourceTree = "<group>";
		};
		F2FC44001B2CCCCC00851923 /* Fojusi UI Tests */ = {
			isa = PBXGroup;
			children = (
				F2FC44011B2CCCCC00851923 /* Fojusi_UI_Tests.swift */,
				F2FC44031B2CCCCC00851923 /* Info.plist */,
			);
			path = "Fojusi UI Tests";
			sourceTree = "<group>";
		};
		F2FF2C771AB0A4C50017BF04 /* Remaining */ = {
			isa = PBXGroup;
			children = (
				F2FF2C851AB0A4F80017BF04 /* Remaining.entitlements */,
				F2FF2C7A1AB0A4C50017BF04 /* TodayViewController.swift */,
				F2FF2C7C1AB0A4C50017BF04 /* MainInterface.storyboard */,
				F2FF2C781AB0A4C50017BF04 /* Supporting Files */,
			);
			path = Remaining;
			sourceTree = "<group>";
		};
		F2FF2C781AB0A4C50017BF04 /* Supporting Files */ = {
			isa = PBXGroup;
			children = (
				F2FF2C791AB0A4C50017BF04 /* Info.plist */,
			);
			name = "Supporting Files";
			sourceTree = "<group>";
		};
/* End PBXGroup section */

/* Begin PBXNativeTarget section */
		F25CD26B1B481DFE009495B6 /* Fojusi Watch */ = {
			isa = PBXNativeTarget;
			buildConfigurationList = F25CD28F1B481DFE009495B6 /* Build configuration list for PBXNativeTarget "Fojusi Watch" */;
			buildPhases = (
				F25CD26A1B481DFE009495B6 /* Resources */,
				F25CD28E1B481DFE009495B6 /* Embed App Extensions */,
			);
			buildRules = (
			);
			dependencies = (
				F25CD27B1B481DFE009495B6 /* PBXTargetDependency */,
			);
			name = "Fojusi Watch";
			productName = "Fojusi Watch";
			productReference = F25CD26C1B481DFE009495B6 /* Fojusi Watch.app */;
			productType = "com.apple.product-type.application.watchapp2";
		};
		F25CD2771B481DFE009495B6 /* Fojusi Watch Extension */ = {
			isa = PBXNativeTarget;
			buildConfigurationList = F25CD28B1B481DFE009495B6 /* Build configuration list for PBXNativeTarget "Fojusi Watch Extension" */;
			buildPhases = (
				F25CD2741B481DFE009495B6 /* Sources */,
				F25CD2751B481DFE009495B6 /* Frameworks */,
				F25CD2761B481DFE009495B6 /* Resources */,
			);
			buildRules = (
			);
			dependencies = (
			);
			name = "Fojusi Watch Extension";
			productName = "Fojusi Watch Extension";
			productReference = F25CD2781B481DFE009495B6 /* Fojusi Watch Extension.appex */;
			productType = "com.apple.product-type.watchkit2-extension";
		};
		F2AB30B119600A4000D8D989 /* Tomate */ = {
			isa = PBXNativeTarget;
			buildConfigurationList = F2AB30C919600A4000D8D989 /* Build configuration list for PBXNativeTarget "Tomate" */;
			buildPhases = (
				F2AB30AE19600A4000D8D989 /* Sources */,
				F2AB30AF19600A4000D8D989 /* Frameworks */,
				F2AB30B019600A4000D8D989 /* Resources */,
				F2FB4E2B198D0BD000B5474E /* Embed App Extensions */,
				F25CD2691B481DC8009495B6 /* Embed Watch Content */,
			);
			buildRules = (
			);
			dependencies = (
				F2FF2C7F1AB0A4C50017BF04 /* PBXTargetDependency */,
				F25CD2891B481DFE009495B6 /* PBXTargetDependency */,
			);
			name = Tomate;
			productName = Tomate;
			productReference = F2AB30B219600A4000D8D989 /* Fojusi.app */;
			productType = "com.apple.product-type.application";
		};
		F2AB30BE19600A4000D8D989 /* TomateTests */ = {
			isa = PBXNativeTarget;
			buildConfigurationList = F2AB30CC19600A4000D8D989 /* Build configuration list for PBXNativeTarget "TomateTests" */;
			buildPhases = (
				F2AB30BB19600A4000D8D989 /* Sources */,
				F2AB30BC19600A4000D8D989 /* Frameworks */,
				F2AB30BD19600A4000D8D989 /* Resources */,
			);
			buildRules = (
			);
			dependencies = (
				F2AB30C119600A4000D8D989 /* PBXTargetDependency */,
			);
			name = TomateTests;
			productName = TomateTests;
			productReference = F2AB30BF19600A4000D8D989 /* TomateTests.xctest */;
			productType = "com.apple.product-type.bundle.unit-test";
		};
		F2FC43FE1B2CCCCC00851923 /* Fojusi UI Tests */ = {
			isa = PBXNativeTarget;
			buildConfigurationList = F2FC44081B2CCCCC00851923 /* Build configuration list for PBXNativeTarget "Fojusi UI Tests" */;
			buildPhases = (
				F2FC43FB1B2CCCCC00851923 /* Sources */,
				F2FC43FC1B2CCCCC00851923 /* Frameworks */,
				F2FC43FD1B2CCCCC00851923 /* Resources */,
			);
			buildRules = (
			);
			dependencies = (
				F2FC44051B2CCCCC00851923 /* PBXTargetDependency */,
			);
			name = "Fojusi UI Tests";
			productName = "Fojusi UI Tests";
			productReference = F2FC43FF1B2CCCCC00851923 /* Fojusi UI Tests.xctest */;
			productType = "com.apple.product-type.bundle.ui-testing";
		};
		F2FF2C741AB0A4C50017BF04 /* Remaining */ = {
			isa = PBXNativeTarget;
			buildConfigurationList = F2FF2C811AB0A4C50017BF04 /* Build configuration list for PBXNativeTarget "Remaining" */;
			buildPhases = (
				F2FF2C711AB0A4C50017BF04 /* Sources */,
				F2FF2C721AB0A4C50017BF04 /* Frameworks */,
				F2FF2C731AB0A4C50017BF04 /* Resources */,
			);
			buildRules = (
			);
			dependencies = (
			);
			name = Remaining;
			productName = Remaining;
			productReference = F2FF2C751AB0A4C50017BF04 /* Remaining.appex */;
			productType = "com.apple.product-type.app-extension";
		};
/* End PBXNativeTarget section */

/* Begin PBXProject section */
		F2AB30AA19600A4000D8D989 /* Project object */ = {
			isa = PBXProject;
			attributes = {
				LastSwiftMigration = 0700;
				LastSwiftUpdateCheck = 0700;
				LastUpgradeCheck = 0820;
				ORGANIZATIONNAME = "Dominik Hauser";
				TargetAttributes = {
					F25CD26B1B481DFE009495B6 = {
						CreatedOnToolsVersion = 7.0;
						DevelopmentTeam = Q6PD97MRX4;
						SystemCapabilities = {
							com.apple.ApplicationGroups.iOS = {
								enabled = 0;
							};
						};
					};
					F25CD2771B481DFE009495B6 = {
						CreatedOnToolsVersion = 7.0;
						DevelopmentTeam = Q6PD97MRX4;
						SystemCapabilities = {
							com.apple.ApplicationGroups.iOS = {
								enabled = 0;
							};
						};
					};
					F2AB30B119600A4000D8D989 = {
						CreatedOnToolsVersion = 6.0;
						DevelopmentTeam = Q6PD97MRX4;
						SystemCapabilities = {
							com.apple.ApplicationGroups.iOS = {
								enabled = 0;
							};
						};
					};
					F2AB30BE19600A4000D8D989 = {
						CreatedOnToolsVersion = 6.0;
						TestTargetID = F2AB30B119600A4000D8D989;
					};
					F2FC43FE1B2CCCCC00851923 = {
						CreatedOnToolsVersion = 7.0;
						TestTargetID = F2AB30B119600A4000D8D989;
					};
					F2FF2C741AB0A4C50017BF04 = {
						CreatedOnToolsVersion = 6.2;
						DevelopmentTeam = Q6PD97MRX4;
						SystemCapabilities = {
							com.apple.ApplicationGroups.iOS = {
								enabled = 0;
							};
						};
					};
				};
			};
			buildConfigurationList = F2AB30AD19600A4000D8D989 /* Build configuration list for PBXProject "Tomate" */;
			compatibilityVersion = "Xcode 3.2";
			developmentRegion = English;
			hasScannedForEncodings = 0;
			knownRegions = (
				en,
				Base,
			);
			mainGroup = F2AB30A919600A4000D8D989;
			productRefGroup = F2AB30B319600A4000D8D989 /* Products */;
			projectDirPath = "";
			projectRoot = "";
			targets = (
				F2AB30B119600A4000D8D989 /* Tomate */,
				F2AB30BE19600A4000D8D989 /* TomateTests */,
				F2FF2C741AB0A4C50017BF04 /* Remaining */,
				F2FC43FE1B2CCCCC00851923 /* Fojusi UI Tests */,
				F25CD26B1B481DFE009495B6 /* Fojusi Watch */,
				F25CD2771B481DFE009495B6 /* Fojusi Watch Extension */,
			);
		};
/* End PBXProject section */

/* Begin PBXResourcesBuildPhase section */
		F25CD26A1B481DFE009495B6 /* Resources */ = {
			isa = PBXResourcesBuildPhase;
			buildActionMask = 2147483647;
			files = (
				F25CD2701B481DFE009495B6 /* Interface.storyboard in Resources */,
				F25CD2931B4828EC009495B6 /* Assets.xcassets in Resources */,
			);
			runOnlyForDeploymentPostprocessing = 0;
		};
		F25CD2761B481DFE009495B6 /* Resources */ = {
			isa = PBXResourcesBuildPhase;
			buildActionMask = 2147483647;
			files = (
				F25CD2861B481DFE009495B6 /* Assets.xcassets in Resources */,
			);
			runOnlyForDeploymentPostprocessing = 0;
		};
		F2AB30B019600A4000D8D989 /* Resources */ = {
			isa = PBXResourcesBuildPhase;
			buildActionMask = 2147483647;
			files = (
				F2AB30BA19600A4000D8D989 /* Images.xcassets in Resources */,
				F2BB35F319F38FB700CD9CA5 /* LaunchScreen.storyboard in Resources */,
				F2813AE21AB3860A00BFC5EE /* AppIcon.xcassets in Resources */,
			);
			runOnlyForDeploymentPostprocessing = 0;
		};
		F2AB30BD19600A4000D8D989 /* Resources */ = {
			isa = PBXResourcesBuildPhase;
			buildActionMask = 2147483647;
			files = (
			);
			runOnlyForDeploymentPostprocessing = 0;
		};
		F2FC43FD1B2CCCCC00851923 /* Resources */ = {
			isa = PBXResourcesBuildPhase;
			buildActionMask = 2147483647;
			files = (
			);
			runOnlyForDeploymentPostprocessing = 0;
		};
		F2FF2C731AB0A4C50017BF04 /* Resources */ = {
			isa = PBXResourcesBuildPhase;
			buildActionMask = 2147483647;
			files = (
				F2FF2C7D1AB0A4C50017BF04 /* MainInterface.storyboard in Resources */,
			);
			runOnlyForDeploymentPostprocessing = 0;
		};
/* End PBXResourcesBuildPhase section */

/* Begin PBXSourcesBuildPhase section */
		F25CD2741B481DFE009495B6 /* Sources */ = {
			isa = PBXSourcesBuildPhase;
			buildActionMask = 2147483647;
			files = (
				F25CD2801B481DFE009495B6 /* ExtensionDelegate.swift in Sources */,
				F25CD2841B481DFE009495B6 /* ComplicationController.swift in Sources */,
				F25CD27E1B481DFE009495B6 /* InterfaceController.swift in Sources */,
			);
			runOnlyForDeploymentPostprocessing = 0;
		};
		F2AB30AE19600A4000D8D989 /* Sources */ = {
			isa = PBXSourcesBuildPhase;
			buildActionMask = 2147483647;
			files = (
				F234623D1960798900AB11A5 /* TimerView.swift in Sources */,
				F2AB30B819600A4000D8D989 /* AppDelegate.swift in Sources */,
				F273B4C91B56235600CDF081 /* AboutView.swift in Sources */,
				F2AC01411BDCC68300D50C4E /* DHNavigationController.swift in Sources */,
				F2AB30D4196016B800D8D989 /* TimerStyleKit.swift in Sources */,
				F20425231961F91100A132D6 /* Int+Extensions.swift in Sources */,
				F21D3F50198D4BE30036D4BA /* SettingsView.swift in Sources */,
				F234623B1960798900AB11A5 /* FocusView.swift in Sources */,
				F2EB866B1B2A1E4D009EF689 /* TimerType.swift in Sources */,
				F234623C1960798900AB11A5 /* FocusViewController.swift in Sources */,
				F273B4C61B56233400CDF081 /* AboutViewController.swift in Sources */,
				F21D3F4D198D4BB30036D4BA /* SettingsViewController.swift in Sources */,
			);
			runOnlyForDeploymentPostprocessing = 0;
		};
		F2AB30BB19600A4000D8D989 /* Sources */ = {
			isa = PBXSourcesBuildPhase;
			buildActionMask = 2147483647;
			files = (
			);
			runOnlyForDeploymentPostprocessing = 0;
		};
		F2FC43FB1B2CCCCC00851923 /* Sources */ = {
			isa = PBXSourcesBuildPhase;
			buildActionMask = 2147483647;
			files = (
				F2FC44021B2CCCCC00851923 /* Fojusi_UI_Tests.swift in Sources */,
			);
			runOnlyForDeploymentPostprocessing = 0;
		};
		F2FF2C711AB0A4C50017BF04 /* Sources */ = {
			isa = PBXSourcesBuildPhase;
			buildActionMask = 2147483647;
			files = (
				F292E2991B45CE2600DFC991 /* TimerView.swift in Sources */,
				F2FF2C7B1AB0A4C50017BF04 /* TodayViewController.swift in Sources */,
				F292E29A1B45CEAF00DFC991 /* TimerStyleKit.swift in Sources */,
			);
			runOnlyForDeploymentPostprocessing = 0;
		};
/* End PBXSourcesBuildPhase section */

/* Begin PBXTargetDependency section */
		F25CD27B1B481DFE009495B6 /* PBXTargetDependency */ = {
			isa = PBXTargetDependency;
			target = F25CD2771B481DFE009495B6 /* Fojusi Watch Extension */;
			targetProxy = F25CD27A1B481DFE009495B6 /* PBXContainerItemProxy */;
		};
		F25CD2891B481DFE009495B6 /* PBXTargetDependency */ = {
			isa = PBXTargetDependency;
			target = F25CD26B1B481DFE009495B6 /* Fojusi Watch */;
			targetProxy = F25CD2881B481DFE009495B6 /* PBXContainerItemProxy */;
		};
		F2AB30C119600A4000D8D989 /* PBXTargetDependency */ = {
			isa = PBXTargetDependency;
			target = F2AB30B119600A4000D8D989 /* Tomate */;
			targetProxy = F2AB30C019600A4000D8D989 /* PBXContainerItemProxy */;
		};
		F2FC44051B2CCCCC00851923 /* PBXTargetDependency */ = {
			isa = PBXTargetDependency;
			target = F2AB30B119600A4000D8D989 /* Tomate */;
			targetProxy = F2FC44041B2CCCCC00851923 /* PBXContainerItemProxy */;
		};
		F2FF2C7F1AB0A4C50017BF04 /* PBXTargetDependency */ = {
			isa = PBXTargetDependency;
			target = F2FF2C741AB0A4C50017BF04 /* Remaining */;
			targetProxy = F2FF2C7E1AB0A4C50017BF04 /* PBXContainerItemProxy */;
		};
/* End PBXTargetDependency section */

/* Begin PBXVariantGroup section */
		F25CD26E1B481DFE009495B6 /* Interface.storyboard */ = {
			isa = PBXVariantGroup;
			children = (
				F25CD26F1B481DFE009495B6 /* Base */,
			);
			name = Interface.storyboard;
			sourceTree = "<group>";
		};
/* End PBXVariantGroup section */

/* Begin XCBuildConfiguration section */
		F25CD28C1B481DFE009495B6 /* Debug */ = {
			isa = XCBuildConfiguration;
			buildSettings = {
				ASSETCATALOG_COMPILER_COMPLICATION_NAME = Complication;
				CODE_SIGN_IDENTITY = "iPhone Developer";
				"CODE_SIGN_IDENTITY[sdk=watchos*]" = "iPhone Developer";
				DEBUG_INFORMATION_FORMAT = dwarf;
				GCC_NO_COMMON_BLOCKS = YES;
				INFOPLIST_FILE = "Fojusi Watch Extension/Info.plist";
				LD_RUNPATH_SEARCH_PATHS = "$(inherited) @executable_path/Frameworks @executable_path/../../Frameworks";
				MTL_ENABLE_DEBUG_INFO = YES;
				PRODUCT_BUNDLE_IDENTIFIER = de.dasdom.Fojusi.watchkitapp.watchkitextension;
				PRODUCT_NAME = "${TARGET_NAME}";
				PROVISIONING_PROFILE = "88f5ec15-360d-4461-b73a-b2b3fc39f095";
				SDKROOT = watchos;
				SKIP_INSTALL = YES;
				TARGETED_DEVICE_FAMILY = 4;
				WATCHOS_DEPLOYMENT_TARGET = 2.0;
			};
			name = Debug;
		};
		F25CD28D1B481DFE009495B6 /* Release */ = {
			isa = XCBuildConfiguration;
			buildSettings = {
				ASSETCATALOG_COMPILER_COMPLICATION_NAME = Complication;
				CODE_SIGN_IDENTITY = "iPhone Developer";
				"CODE_SIGN_IDENTITY[sdk=iphoneos*]" = "iPhone Distribution: Dominik Hauser (Q6PD97MRX4)";
				"CODE_SIGN_IDENTITY[sdk=watchos*]" = "iPhone Distribution: Dominik Hauser (Q6PD97MRX4)";
				COPY_PHASE_STRIP = NO;
				DEBUG_INFORMATION_FORMAT = "dwarf-with-dsym";
				GCC_NO_COMMON_BLOCKS = YES;
				INFOPLIST_FILE = "Fojusi Watch Extension/Info.plist";
				LD_RUNPATH_SEARCH_PATHS = "$(inherited) @executable_path/Frameworks @executable_path/../../Frameworks";
				MTL_ENABLE_DEBUG_INFO = NO;
				PRODUCT_BUNDLE_IDENTIFIER = de.dasdom.Fojusi.watchkitapp.watchkitextension;
				PRODUCT_NAME = "${TARGET_NAME}";
				PROVISIONING_PROFILE = "88f5ec15-360d-4461-b73a-b2b3fc39f095";
				SDKROOT = watchos;
				SKIP_INSTALL = YES;
				TARGETED_DEVICE_FAMILY = 4;
				WATCHOS_DEPLOYMENT_TARGET = 2.0;
			};
			name = Release;
		};
		F25CD2901B481DFE009495B6 /* Debug */ = {
			isa = XCBuildConfiguration;
			buildSettings = {
				ALWAYS_EMBED_SWIFT_STANDARD_LIBRARIES = YES;
				ASSETCATALOG_COMPILER_APPICON_NAME = AppIcon;
				CODE_SIGN_IDENTITY = "iPhone Developer";
				"CODE_SIGN_IDENTITY[sdk=iphoneos*]" = "iPhone Developer";
				"CODE_SIGN_IDENTITY[sdk=watchos*]" = "iPhone Developer";
				DEBUG_INFORMATION_FORMAT = dwarf;
				GCC_NO_COMMON_BLOCKS = YES;
				IBSC_MODULE = Fojusi_Watch_Extension;
				INFOPLIST_FILE = "Fojusi Watch/Info.plist";
				MTL_ENABLE_DEBUG_INFO = YES;
				PRODUCT_BUNDLE_IDENTIFIER = de.dasdom.Fojusi.watchkitapp;
				PRODUCT_NAME = "$(TARGET_NAME)";
				PROVISIONING_PROFILE = "22090e06-4512-473f-a1d0-ab71fa954fe1";
				SDKROOT = watchos;
				SKIP_INSTALL = YES;
				TARGETED_DEVICE_FAMILY = 4;
				WATCHOS_DEPLOYMENT_TARGET = 2.0;
			};
			name = Debug;
		};
		F25CD2911B481DFE009495B6 /* Release */ = {
			isa = XCBuildConfiguration;
			buildSettings = {
				ALWAYS_EMBED_SWIFT_STANDARD_LIBRARIES = YES;
				ASSETCATALOG_COMPILER_APPICON_NAME = AppIcon;
				CODE_SIGN_IDENTITY = "iPhone Developer";
				"CODE_SIGN_IDENTITY[sdk=iphoneos*]" = "iPhone Distribution: Dominik Hauser (Q6PD97MRX4)";
				"CODE_SIGN_IDENTITY[sdk=watchos*]" = "iPhone Distribution: Dominik Hauser (Q6PD97MRX4)";
				COPY_PHASE_STRIP = NO;
				DEBUG_INFORMATION_FORMAT = "dwarf-with-dsym";
				GCC_NO_COMMON_BLOCKS = YES;
				IBSC_MODULE = Fojusi_Watch_Extension;
				INFOPLIST_FILE = "Fojusi Watch/Info.plist";
				MTL_ENABLE_DEBUG_INFO = NO;
				PRODUCT_BUNDLE_IDENTIFIER = de.dasdom.Fojusi.watchkitapp;
				PRODUCT_NAME = "$(TARGET_NAME)";
				PROVISIONING_PROFILE = "22090e06-4512-473f-a1d0-ab71fa954fe1";
				SDKROOT = watchos;
				SKIP_INSTALL = YES;
				TARGETED_DEVICE_FAMILY = 4;
				WATCHOS_DEPLOYMENT_TARGET = 2.0;
			};
			name = Release;
		};
		F2AB30C719600A4000D8D989 /* Debug */ = {
			isa = XCBuildConfiguration;
			buildSettings = {
				ALWAYS_SEARCH_USER_PATHS = NO;
				CLANG_CXX_LANGUAGE_STANDARD = "gnu++0x";
				CLANG_CXX_LIBRARY = "libc++";
				CLANG_ENABLE_MODULES = YES;
				CLANG_ENABLE_OBJC_ARC = YES;
				CLANG_WARN_BOOL_CONVERSION = YES;
				CLANG_WARN_CONSTANT_CONVERSION = YES;
				CLANG_WARN_DIRECT_OBJC_ISA_USAGE = YES_ERROR;
				CLANG_WARN_EMPTY_BODY = YES;
				CLANG_WARN_ENUM_CONVERSION = YES;
				CLANG_WARN_INFINITE_RECURSION = YES;
				CLANG_WARN_INT_CONVERSION = YES;
				CLANG_WARN_OBJC_ROOT_CLASS = YES_ERROR;
				CLANG_WARN_SUSPICIOUS_MOVE = YES;
				CLANG_WARN_UNREACHABLE_CODE = YES;
				CLANG_WARN__DUPLICATE_METHOD_MATCH = YES;
				"CODE_SIGN_IDENTITY[sdk=iphoneos*]" = "iPhone Developer";
				COPY_PHASE_STRIP = NO;
				ENABLE_STRICT_OBJC_MSGSEND = YES;
				ENABLE_TESTABILITY = YES;
				GCC_C_LANGUAGE_STANDARD = gnu99;
				GCC_DYNAMIC_NO_PIC = NO;
				GCC_NO_COMMON_BLOCKS = YES;
				GCC_OPTIMIZATION_LEVEL = 0;
				GCC_PREPROCESSOR_DEFINITIONS = (
					"DEBUG=1",
					"$(inherited)",
				);
				GCC_SYMBOLS_PRIVATE_EXTERN = NO;
				GCC_WARN_64_TO_32_BIT_CONVERSION = YES;
				GCC_WARN_ABOUT_RETURN_TYPE = YES_ERROR;
				GCC_WARN_UNDECLARED_SELECTOR = YES;
				GCC_WARN_UNINITIALIZED_AUTOS = YES_AGGRESSIVE;
				GCC_WARN_UNUSED_FUNCTION = YES;
				GCC_WARN_UNUSED_VARIABLE = YES;
				IPHONEOS_DEPLOYMENT_TARGET = 10.2;
				METAL_ENABLE_DEBUG_INFO = YES;
				ONLY_ACTIVE_ARCH = YES;
				SDKROOT = iphoneos;
				SWIFT_OPTIMIZATION_LEVEL = "-Onone";
				SWIFT_VERSION = 3.0;
			};
			name = Debug;
		};
		F2AB30C819600A4000D8D989 /* Release */ = {
			isa = XCBuildConfiguration;
			buildSettings = {
				ALWAYS_SEARCH_USER_PATHS = NO;
				CLANG_CXX_LANGUAGE_STANDARD = "gnu++0x";
				CLANG_CXX_LIBRARY = "libc++";
				CLANG_ENABLE_MODULES = YES;
				CLANG_ENABLE_OBJC_ARC = YES;
				CLANG_WARN_BOOL_CONVERSION = YES;
				CLANG_WARN_CONSTANT_CONVERSION = YES;
				CLANG_WARN_DIRECT_OBJC_ISA_USAGE = YES_ERROR;
				CLANG_WARN_EMPTY_BODY = YES;
				CLANG_WARN_ENUM_CONVERSION = YES;
				CLANG_WARN_INFINITE_RECURSION = YES;
				CLANG_WARN_INT_CONVERSION = YES;
				CLANG_WARN_OBJC_ROOT_CLASS = YES_ERROR;
				CLANG_WARN_SUSPICIOUS_MOVE = YES;
				CLANG_WARN_UNREACHABLE_CODE = YES;
				CLANG_WARN__DUPLICATE_METHOD_MATCH = YES;
				"CODE_SIGN_IDENTITY[sdk=iphoneos*]" = "iPhone Developer";
				COPY_PHASE_STRIP = YES;
				ENABLE_NS_ASSERTIONS = NO;
				ENABLE_STRICT_OBJC_MSGSEND = YES;
				GCC_C_LANGUAGE_STANDARD = gnu99;
				GCC_NO_COMMON_BLOCKS = YES;
				GCC_WARN_64_TO_32_BIT_CONVERSION = YES;
				GCC_WARN_ABOUT_RETURN_TYPE = YES_ERROR;
				GCC_WARN_UNDECLARED_SELECTOR = YES;
				GCC_WARN_UNINITIALIZED_AUTOS = YES_AGGRESSIVE;
				GCC_WARN_UNUSED_FUNCTION = YES;
				GCC_WARN_UNUSED_VARIABLE = YES;
				IPHONEOS_DEPLOYMENT_TARGET = 10.2;
				METAL_ENABLE_DEBUG_INFO = NO;
				SDKROOT = iphoneos;
				SWIFT_OPTIMIZATION_LEVEL = "-Owholemodule";
				SWIFT_VERSION = 3.0;
				VALIDATE_PRODUCT = YES;
			};
			name = Release;
		};
		F2AB30CA19600A4000D8D989 /* Debug */ = {
			isa = XCBuildConfiguration;
			buildSettings = {
				ALWAYS_EMBED_SWIFT_STANDARD_LIBRARIES = YES;
				ASSETCATALOG_COMPILER_APPICON_NAME = AppIcon;
				ASSETCATALOG_COMPILER_LAUNCHIMAGE_NAME = LaunchImage;
				CLANG_ENABLE_MODULES = YES;
				CODE_SIGN_IDENTITY = "iPhone Developer";
				"CODE_SIGN_IDENTITY[sdk=iphoneos*]" = "iPhone Developer";
				DEFINES_MODULE = NO;
				INFOPLIST_FILE = Tomate/Info.plist;
				IPHONEOS_DEPLOYMENT_TARGET = 10.2;
				LD_RUNPATH_SEARCH_PATHS = "$(inherited) @executable_path/Frameworks";
				PRODUCT_BUNDLE_IDENTIFIER = "de.dasdom.$(PRODUCT_NAME:rfc1034identifier)";
				PRODUCT_NAME = Fojusi;
				PROVISIONING_PROFILE = "9d775ac9-b1d7-44fd-b8db-51d97ed5a8ec";
				SWIFT_OBJC_BRIDGING_HEADER = "";
				SWIFT_OPTIMIZATION_LEVEL = "-Onone";
				SWIFT_VERSION = 3.0;
				TARGETED_DEVICE_FAMILY = "1,2";
			};
			name = Debug;
		};
		F2AB30CB19600A4000D8D989 /* Release */ = {
			isa = XCBuildConfiguration;
			buildSettings = {
				ALWAYS_EMBED_SWIFT_STANDARD_LIBRARIES = YES;
				ASSETCATALOG_COMPILER_APPICON_NAME = AppIcon;
				ASSETCATALOG_COMPILER_LAUNCHIMAGE_NAME = LaunchImage;
				CLANG_ENABLE_MODULES = YES;
				CODE_SIGN_IDENTITY = "iPhone Distribution";
				"CODE_SIGN_IDENTITY[sdk=iphoneos*]" = "iPhone Distribution";
				DEFINES_MODULE = NO;
				INFOPLIST_FILE = Tomate/Info.plist;
				IPHONEOS_DEPLOYMENT_TARGET = 10.2;
				LD_RUNPATH_SEARCH_PATHS = "$(inherited) @executable_path/Frameworks";
				PRODUCT_BUNDLE_IDENTIFIER = "de.dasdom.$(PRODUCT_NAME:rfc1034identifier)";
				PRODUCT_NAME = Fojusi;
				PROVISIONING_PROFILE = "9d775ac9-b1d7-44fd-b8db-51d97ed5a8ec";
				SWIFT_OBJC_BRIDGING_HEADER = "";
				SWIFT_VERSION = 3.0;
				TARGETED_DEVICE_FAMILY = "1,2";
			};
			name = Release;
		};
		F2AB30CD19600A4000D8D989 /* Debug */ = {
			isa = XCBuildConfiguration;
			buildSettings = {
				BUNDLE_LOADER = "$(BUILT_PRODUCTS_DIR)/Tomate.app/Tomate";
				FRAMEWORK_SEARCH_PATHS = (
					"$(SDKROOT)/Developer/Library/Frameworks",
					"$(inherited)",
				);
				GCC_PREPROCESSOR_DEFINITIONS = (
					"DEBUG=1",
					"$(inherited)",
				);
				INFOPLIST_FILE = TomateTests/Info.plist;
				LD_RUNPATH_SEARCH_PATHS = "$(inherited) @executable_path/Frameworks @loader_path/Frameworks";
				METAL_ENABLE_DEBUG_INFO = YES;
				PRODUCT_BUNDLE_IDENTIFIER = "de.dasdom.${PRODUCT_NAME:rfc1034identifier}";
				PRODUCT_NAME = "$(TARGET_NAME)";
				TEST_HOST = "$(BUNDLE_LOADER)";
			};
			name = Debug;
		};
		F2AB30CE19600A4000D8D989 /* Release */ = {
			isa = XCBuildConfiguration;
			buildSettings = {
				BUNDLE_LOADER = "$(BUILT_PRODUCTS_DIR)/Tomate.app/Tomate";
				FRAMEWORK_SEARCH_PATHS = (
					"$(SDKROOT)/Developer/Library/Frameworks",
					"$(inherited)",
				);
				INFOPLIST_FILE = TomateTests/Info.plist;
				LD_RUNPATH_SEARCH_PATHS = "$(inherited) @executable_path/Frameworks @loader_path/Frameworks";
				METAL_ENABLE_DEBUG_INFO = NO;
				PRODUCT_BUNDLE_IDENTIFIER = "de.dasdom.${PRODUCT_NAME:rfc1034identifier}";
				PRODUCT_NAME = "$(TARGET_NAME)";
				TEST_HOST = "$(BUNDLE_LOADER)";
			};
			name = Release;
		};
		F2FC44061B2CCCCC00851923 /* Debug */ = {
			isa = XCBuildConfiguration;
			buildSettings = {
				DEBUG_INFORMATION_FORMAT = dwarf;
				GCC_NO_COMMON_BLOCKS = YES;
				INFOPLIST_FILE = "Fojusi UI Tests/Info.plist";
				IPHONEOS_DEPLOYMENT_TARGET = 9.0;
				LD_RUNPATH_SEARCH_PATHS = "$(inherited) @executable_path/Frameworks @loader_path/Frameworks";
				MTL_ENABLE_DEBUG_INFO = YES;
				PRODUCT_BUNDLE_IDENTIFIER = "de.dasdom.Fojusi-UI-Tests";
				PRODUCT_NAME = "$(TARGET_NAME)";
				TEST_TARGET_NAME = Tomate;
				USES_XCTRUNNER = YES;
			};
			name = Debug;
		};
		F2FC44071B2CCCCC00851923 /* Release */ = {
			isa = XCBuildConfiguration;
			buildSettings = {
				COPY_PHASE_STRIP = NO;
				DEBUG_INFORMATION_FORMAT = "dwarf-with-dsym";
				GCC_NO_COMMON_BLOCKS = YES;
				INFOPLIST_FILE = "Fojusi UI Tests/Info.plist";
				IPHONEOS_DEPLOYMENT_TARGET = 9.0;
				LD_RUNPATH_SEARCH_PATHS = "$(inherited) @executable_path/Frameworks @loader_path/Frameworks";
				MTL_ENABLE_DEBUG_INFO = NO;
				PRODUCT_BUNDLE_IDENTIFIER = "de.dasdom.Fojusi-UI-Tests";
				PRODUCT_NAME = "$(TARGET_NAME)";
				TEST_TARGET_NAME = Tomate;
				USES_XCTRUNNER = YES;
			};
			name = Release;
		};
		F2FF2C821AB0A4C50017BF04 /* Debug */ = {
			isa = XCBuildConfiguration;
			buildSettings = {
				CODE_SIGN_IDENTITY = "iPhone Developer";
				"CODE_SIGN_IDENTITY[sdk=iphoneos*]" = "iPhone Developer";
				GCC_PREPROCESSOR_DEFINITIONS = (
					"DEBUG=1",
					"$(inherited)",
				);
				INFOPLIST_FILE = Remaining/Info.plist;
				IPHONEOS_DEPLOYMENT_TARGET = 9.0;
				LD_RUNPATH_SEARCH_PATHS = "$(inherited) @executable_path/Frameworks @executable_path/../../Frameworks";
				MTL_ENABLE_DEBUG_INFO = YES;
				PRODUCT_BUNDLE_IDENTIFIER = "de.dasdom.Fojusi.$(PRODUCT_NAME:rfc1034identifier)";
				PRODUCT_NAME = "$(TARGET_NAME)";
				PROVISIONING_PROFILE = "2fac200e-0684-4249-9f93-0968f8e30dc6";
				SKIP_INSTALL = YES;
			};
			name = Debug;
		};
		F2FF2C831AB0A4C50017BF04 /* Release */ = {
			isa = XCBuildConfiguration;
			buildSettings = {
				CODE_SIGN_IDENTITY = "iPhone Distribution: Dominik Hauser (Q6PD97MRX4)";
				"CODE_SIGN_IDENTITY[sdk=iphoneos*]" = "iPhone Distribution: Dominik Hauser (Q6PD97MRX4)";
				COPY_PHASE_STRIP = NO;
				INFOPLIST_FILE = Remaining/Info.plist;
				IPHONEOS_DEPLOYMENT_TARGET = 9.0;
				LD_RUNPATH_SEARCH_PATHS = "$(inherited) @executable_path/Frameworks @executable_path/../../Frameworks";
				MTL_ENABLE_DEBUG_INFO = NO;
				PRODUCT_BUNDLE_IDENTIFIER = "de.dasdom.Fojusi.$(PRODUCT_NAME:rfc1034identifier)";
				PRODUCT_NAME = "$(TARGET_NAME)";
				PROVISIONING_PROFILE = "2fac200e-0684-4249-9f93-0968f8e30dc6";
				SKIP_INSTALL = YES;
			};
			name = Release;
		};
/* End XCBuildConfiguration section */

/* Begin XCConfigurationList section */
		F25CD28B1B481DFE009495B6 /* Build configuration list for PBXNativeTarget "Fojusi Watch Extension" */ = {
			isa = XCConfigurationList;
			buildConfigurations = (
				F25CD28C1B481DFE009495B6 /* Debug */,
				F25CD28D1B481DFE009495B6 /* Release */,
			);
			defaultConfigurationIsVisible = 0;
			defaultConfigurationName = Release;
		};
		F25CD28F1B481DFE009495B6 /* Build configuration list for PBXNativeTarget "Fojusi Watch" */ = {
			isa = XCConfigurationList;
			buildConfigurations = (
				F25CD2901B481DFE009495B6 /* Debug */,
				F25CD2911B481DFE009495B6 /* Release */,
			);
			defaultConfigurationIsVisible = 0;
			defaultConfigurationName = Release;
		};
		F2AB30AD19600A4000D8D989 /* Build configuration list for PBXProject "Tomate" */ = {
			isa = XCConfigurationList;
			buildConfigurations = (
				F2AB30C719600A4000D8D989 /* Debug */,
				F2AB30C819600A4000D8D989 /* Release */,
			);
			defaultConfigurationIsVisible = 0;
			defaultConfigurationName = Release;
		};
		F2AB30C919600A4000D8D989 /* Build configuration list for PBXNativeTarget "Tomate" */ = {
			isa = XCConfigurationList;
			buildConfigurations = (
				F2AB30CA19600A4000D8D989 /* Debug */,
				F2AB30CB19600A4000D8D989 /* Release */,
			);
			defaultConfigurationIsVisible = 0;
			defaultConfigurationName = Release;
		};
		F2AB30CC19600A4000D8D989 /* Build configuration list for PBXNativeTarget "TomateTests" */ = {
			isa = XCConfigurationList;
			buildConfigurations = (
				F2AB30CD19600A4000D8D989 /* Debug */,
				F2AB30CE19600A4000D8D989 /* Release */,
			);
			defaultConfigurationIsVisible = 0;
			defaultConfigurationName = Release;
		};
		F2FC44081B2CCCCC00851923 /* Build configuration list for PBXNativeTarget "Fojusi UI Tests" */ = {
			isa = XCConfigurationList;
			buildConfigurations = (
				F2FC44061B2CCCCC00851923 /* Debug */,
				F2FC44071B2CCCCC00851923 /* Release */,
			);
			defaultConfigurationIsVisible = 0;
			defaultConfigurationName = Release;
		};
		F2FF2C811AB0A4C50017BF04 /* Build configuration list for PBXNativeTarget "Remaining" */ = {
			isa = XCConfigurationList;
			buildConfigurations = (
				F2FF2C821AB0A4C50017BF04 /* Debug */,
				F2FF2C831AB0A4C50017BF04 /* Release */,
			);
			defaultConfigurationIsVisible = 0;
			defaultConfigurationName = Release;
		};
/* End XCConfigurationList section */
	};
	rootObject = F2AB30AA19600A4000D8D989 /* Project object */;
}
